# THIS IS AN AUTOGENERATED FILE. DO NOT EDIT THIS FILE DIRECTLY.
# yarn lockfile v1


"@cloudflare/workerd-darwin-64@^1.20220926.0":
  version "1.20220926.0"
  resolved "https://registry.yarnpkg.com/@cloudflare/workerd-darwin-64/-/workerd-darwin-64-1.20220926.0.tgz#910953fa59e148a0415e15e4cfaad6eb9d74086d"
  integrity sha512-NbZ+NOviUvMHv4FLB2dlTIOp8Vh86qVCZEeQjaZ9NHjqKh9uyUEsKDuLIjea5XW+i9jHhyTlh3UQ4r2zcVhB3Q==

"@cloudflare/workerd-darwin-arm64@^1.20220926.0":
  version "1.20220926.1"
  resolved "https://registry.yarnpkg.com/@cloudflare/workerd-darwin-arm64/-/workerd-darwin-arm64-1.20220926.1.tgz#8655035f2fbfefc91385e103a95bb0574ccd901e"
  integrity sha512-jWVxVsUDggsZPBusmzcj5ZxYjMPWJDfcYvwp2O9IIZaKaYLrr+SIablGxLwSevGxOaFtyTvl+auLBCr+FMLwXw==

"@cloudflare/workerd-linux-64@^1.20220926.0":
  version "1.20220926.1"
  resolved "https://registry.yarnpkg.com/@cloudflare/workerd-linux-64/-/workerd-linux-64-1.20220926.1.tgz#c0d83f6443aecc29a0768d436b8404aa3e8e3e39"
  integrity sha512-OozSpaj4NrPutxMovKvUojgVtJcHEC1kKgEnmDQgQ0AxdoFKbFxkkHAC1S55rWn969wvf2sKztPSSZ7wZ6Mraw==

"@cloudflare/workerd-linux-arm64@^1.20220926.0":
  version "1.20220926.1"
  resolved "https://registry.yarnpkg.com/@cloudflare/workerd-linux-arm64/-/workerd-linux-arm64-1.20220926.1.tgz#074d1d77db7ea6123d9c746c92189f696c53c5f6"
  integrity sha512-PY4mYaKybLlhvkaXEs/wG4mFqmc2FQ71mBWWjUPjpcUe+Zhyhy/viDbq2MhjcryV5o69GPe4jHTVAe/PyKC6BA==

workerd@^1.20220926.1:
  version "1.20220926.1"
  resolved "https://registry.yarnpkg.com/workerd/-/workerd-1.20220926.1.tgz#6db21a307214015e5cd3ae6263294d635f6d2529"
  integrity sha512-d1qVw5Kx+DAvkYIsC9XjpgVeL33pdVovw6aaEr7tnXkfGUxzmynKCgcr1Zehvi/ZZBvAgMqMjfi6Hfn25yvvIg==
  optionalDependencies:
    "@cloudflare/workerd-darwin-64" "^1.20220926.0"
    "@cloudflare/workerd-darwin-arm64" "^1.20220926.0"
    "@cloudflare/workerd-linux-64" "^1.20220926.0"
    "@cloudflare/workerd-linux-arm64" "^1.20220926.0"
